
Microsoft Visual Studio Solution File, Format Version 12.00
# Visual Studio 15
Project("{FAE04EC0-301F-11D3-BF4B-00C04F79EFBC}") = "Test17", "Test17.csproj", "{33CCD051-ED38-27C8-9384-7978A530C366}"
EndProject
Project("{FAE04EC0-301F-11D3-BF4B-00C04F79EFBC}") = "Test17.Editor", "Test17.Editor.csproj", "{1D6C954A-7494-290A-9A74-B4D859F1AC73}"
EndProject
Global
	GlobalSection(SolutionConfigurationPlatforms) = preSolution
		Debug|Any CPU = Debug|Any CPU
		Release|Any CPU = Release|Any CPU
	EndGlobalSection
	GlobalSection(ProjectConfigurationPlatforms) = postSolution
		{33CCD051-ED38-27C8-9384-7978A530C366}.Debug|Any CPU.ActiveCfg = Debug|Any CPU
		{33CCD051-ED38-27C8-9384-7978A530C366}.Debug|Any CPU.Build.0 = Debug|Any CPU
		{33CCD051-ED38-27C8-9384-7978A530C366}.Release|Any CPU.ActiveCfg = Release|Any CPU
		{33CCD051-ED38-27C8-9384-7978A530C366}.Release|Any CPU.Build.0 = Release|Any CPU
		{1D6C954A-7494-290A-9A74-B4D859F1AC73}.Debug|Any CPU.ActiveCfg = Debug|Any CPU
		{1D6C954A-7494-290A-9A74-B4D859F1AC73}.Debug|Any CPU.Build.0 = Debug|Any CPU
		{1D6C954A-7494-290A-9A74-B4D859F1AC73}.Release|Any CPU.ActiveCfg = Release|Any CPU
		{1D6C954A-7494-290A-9A74-B4D859F1AC73}.Release|Any CPU.Build.0 = Release|Any CPU
	EndGlobalSection
	GlobalSection(SolutionProperties) = preSolution
		HideSolutionNode = FALSE
	EndGlobalSection
EndGlobal
