
Microsoft Visual Studio Solution File, Format Version 11.00
# Visual Studio 2010
Project("{FAE04EC0-301F-11D3-BF4B-00C04F79EFBC}") = "MacTrials", "Assembly-CSharp.csproj", "{B06D0179-D41A-CE4D-119D-F4F3054BF251}"
EndProject
Project("{FAE04EC0-301F-11D3-BF4B-00C04F79EFBC}") = "MacTrials", "Assembly-CSharp-Editor.csproj", "{8F4441F5-9D97-CD24-1449-49E822180DB1}"
EndProject
Global
	GlobalSection(SolutionConfigurationPlatforms) = preSolution
		Debug|Any CPU = Debug|Any CPU
		Release|Any CPU = Release|Any CPU
	EndGlobalSection
	GlobalSection(ProjectConfigurationPlatforms) = postSolution
		{B06D0179-D41A-CE4D-119D-F4F3054BF251}.Debug|Any CPU.ActiveCfg = Debug|Any CPU
		{B06D0179-D41A-CE4D-119D-F4F3054BF251}.Debug|Any CPU.Build.0 = Debug|Any CPU
		{B06D0179-D41A-CE4D-119D-F4F3054BF251}.Release|Any CPU.ActiveCfg = Release|Any CPU
		{B06D0179-D41A-CE4D-119D-F4F3054BF251}.Release|Any CPU.Build.0 = Release|Any CPU
		{8F4441F5-9D97-CD24-1449-49E822180DB1}.Debug|Any CPU.ActiveCfg = Debug|Any CPU
		{8F4441F5-9D97-CD24-1449-49E822180DB1}.Debug|Any CPU.Build.0 = Debug|Any CPU
		{8F4441F5-9D97-CD24-1449-49E822180DB1}.Release|Any CPU.ActiveCfg = Release|Any CPU
		{8F4441F5-9D97-CD24-1449-49E822180DB1}.Release|Any CPU.Build.0 = Release|Any CPU
	EndGlobalSection
	GlobalSection(SolutionProperties) = preSolution
		HideSolutionNode = FALSE
	EndGlobalSection
	GlobalSection(MonoDevelopProperties) = preSolution
		StartupItem = Assembly-CSharp.csproj
	EndGlobalSection
EndGlobal
