
Microsoft Visual Studio Solution File, Format Version 11.00
# Visual Studio 2010
Project("{FAE04EC0-301F-11D3-BF4B-00C04F79EFBC}") = "VoxyTest4-CameraController", "Assembly-CSharp.csproj", "{1A4F77CE-81F1-7DA8-982F-C5F20785B10B}"
EndProject
Project("{FAE04EC0-301F-11D3-BF4B-00C04F79EFBC}") = "VoxyTest4-CameraController", "Assembly-CSharp-Editor.csproj", "{D411F8C7-08BC-9DE6-6671-EC21107C0CAA}"
EndProject
Global
	GlobalSection(SolutionConfigurationPlatforms) = preSolution
		Debug|Any CPU = Debug|Any CPU
		Release|Any CPU = Release|Any CPU
	EndGlobalSection
	GlobalSection(ProjectConfigurationPlatforms) = postSolution
		{1A4F77CE-81F1-7DA8-982F-C5F20785B10B}.Debug|Any CPU.ActiveCfg = Debug|Any CPU
		{1A4F77CE-81F1-7DA8-982F-C5F20785B10B}.Debug|Any CPU.Build.0 = Debug|Any CPU
		{1A4F77CE-81F1-7DA8-982F-C5F20785B10B}.Release|Any CPU.ActiveCfg = Release|Any CPU
		{1A4F77CE-81F1-7DA8-982F-C5F20785B10B}.Release|Any CPU.Build.0 = Release|Any CPU
		{D411F8C7-08BC-9DE6-6671-EC21107C0CAA}.Debug|Any CPU.ActiveCfg = Debug|Any CPU
		{D411F8C7-08BC-9DE6-6671-EC21107C0CAA}.Debug|Any CPU.Build.0 = Debug|Any CPU
		{D411F8C7-08BC-9DE6-6671-EC21107C0CAA}.Release|Any CPU.ActiveCfg = Release|Any CPU
		{D411F8C7-08BC-9DE6-6671-EC21107C0CAA}.Release|Any CPU.Build.0 = Release|Any CPU
	EndGlobalSection
	GlobalSection(SolutionProperties) = preSolution
		HideSolutionNode = FALSE
	EndGlobalSection
	GlobalSection(MonoDevelopProperties) = preSolution
		StartupItem = Assembly-CSharp.csproj
	EndGlobalSection
EndGlobal
