
Microsoft Visual Studio Solution File, Format Version 11.00
# Visual Studio 2010
Project("{FAE04EC0-301F-11D3-BF4B-00C04F79EFBC}") = "VoxonStableExample", "Assembly-CSharp.csproj", "{4CD768F1-AAAD-7384-038E-B2E22C801CF4}"
EndProject
Project("{FAE04EC0-301F-11D3-BF4B-00C04F79EFBC}") = "VoxonStableExample", "Assembly-CSharp-Editor.csproj", "{E991ED52-D950-B679-5488-C9F8A8662F5D}"
EndProject
Global
	GlobalSection(SolutionConfigurationPlatforms) = preSolution
		Debug|Any CPU = Debug|Any CPU
		Release|Any CPU = Release|Any CPU
	EndGlobalSection
	GlobalSection(ProjectConfigurationPlatforms) = postSolution
		{4CD768F1-AAAD-7384-038E-B2E22C801CF4}.Debug|Any CPU.ActiveCfg = Debug|Any CPU
		{4CD768F1-AAAD-7384-038E-B2E22C801CF4}.Debug|Any CPU.Build.0 = Debug|Any CPU
		{4CD768F1-AAAD-7384-038E-B2E22C801CF4}.Release|Any CPU.ActiveCfg = Release|Any CPU
		{4CD768F1-AAAD-7384-038E-B2E22C801CF4}.Release|Any CPU.Build.0 = Release|Any CPU
		{E991ED52-D950-B679-5488-C9F8A8662F5D}.Debug|Any CPU.ActiveCfg = Debug|Any CPU
		{E991ED52-D950-B679-5488-C9F8A8662F5D}.Debug|Any CPU.Build.0 = Debug|Any CPU
		{E991ED52-D950-B679-5488-C9F8A8662F5D}.Release|Any CPU.ActiveCfg = Release|Any CPU
		{E991ED52-D950-B679-5488-C9F8A8662F5D}.Release|Any CPU.Build.0 = Release|Any CPU
	EndGlobalSection
	GlobalSection(SolutionProperties) = preSolution
		HideSolutionNode = FALSE
	EndGlobalSection
	GlobalSection(MonoDevelopProperties) = preSolution
		StartupItem = Assembly-CSharp.csproj
	EndGlobalSection
EndGlobal
