
Microsoft Visual Studio Solution File, Format Version 11.00
# Visual Studio 2010
Project("{FAE04EC0-301F-11D3-BF4B-00C04F79EFBC}") = "VoxyTest4-MysteriousErrorCity", "Assembly-CSharp.csproj", "{46C3FD48-FBE0-9F76-8B9C-6B85A28A3BBB}"
EndProject
Project("{FAE04EC0-301F-11D3-BF4B-00C04F79EFBC}") = "VoxyTest4-MysteriousErrorCity", "Assembly-CSharp-Editor.csproj", "{EA2DFD00-DA46-37FB-B1A2-1077637820A1}"
EndProject
Global
	GlobalSection(SolutionConfigurationPlatforms) = preSolution
		Debug|Any CPU = Debug|Any CPU
		Release|Any CPU = Release|Any CPU
	EndGlobalSection
	GlobalSection(ProjectConfigurationPlatforms) = postSolution
		{46C3FD48-FBE0-9F76-8B9C-6B85A28A3BBB}.Debug|Any CPU.ActiveCfg = Debug|Any CPU
		{46C3FD48-FBE0-9F76-8B9C-6B85A28A3BBB}.Debug|Any CPU.Build.0 = Debug|Any CPU
		{46C3FD48-FBE0-9F76-8B9C-6B85A28A3BBB}.Release|Any CPU.ActiveCfg = Release|Any CPU
		{46C3FD48-FBE0-9F76-8B9C-6B85A28A3BBB}.Release|Any CPU.Build.0 = Release|Any CPU
		{EA2DFD00-DA46-37FB-B1A2-1077637820A1}.Debug|Any CPU.ActiveCfg = Debug|Any CPU
		{EA2DFD00-DA46-37FB-B1A2-1077637820A1}.Debug|Any CPU.Build.0 = Debug|Any CPU
		{EA2DFD00-DA46-37FB-B1A2-1077637820A1}.Release|Any CPU.ActiveCfg = Release|Any CPU
		{EA2DFD00-DA46-37FB-B1A2-1077637820A1}.Release|Any CPU.Build.0 = Release|Any CPU
	EndGlobalSection
	GlobalSection(SolutionProperties) = preSolution
		HideSolutionNode = FALSE
	EndGlobalSection
	GlobalSection(MonoDevelopProperties) = preSolution
		StartupItem = Assembly-CSharp.csproj
	EndGlobalSection
EndGlobal
